# This file was autogenerated by Stack.
# You should not edit this file by hand.
# For more information, please see the documentation at:
#   https://docs.haskellstack.org/en/stable/lock_files

packages:
- completed:
    hackage: HList-0.5.3.0@sha256:7166d99e8133cb6bffb66b748668f5be90cd76733f646553414f69052abebc84,7452
    pantry-tree:
      sha256: d659180b328cee563d76a2fef15dcefa5d56b81adc7360c871af67601771c6cb
      size: 5798
  original:
    hackage: HList-0.5.3.0
snapshots:
- completed:
    sha256: 85d2382958c178491d3fe50d770a624621f5ab456beef7d31ac7521f780c9bc7
    size: 640042
    url: https://raw.githubusercontent.com/commercialhaskell/stackage-snapshots/master/lts/21/17.yaml
  original:
    url: https://raw.githubusercontent.com/commercialhaskell/stackage-snapshots/master/lts/21/17.yaml
